{
  "name": "test",
  "version": "1.0.0",
  "lockfileVersion": 3,
  "requires": true,
  "packages": {
    "": {
      "name": "test",
      "version": "1.0.0",
      "license": "ISC",
      "devDependencies": {
        "10-library": "^1.0.2"
      }
    },
    "node_modules/10-library": {
      "version": "1.0.2",
      "resolved": "https://registry.npmjs.org/10-library/-/10-library-1.0.2.tgz",
      "integrity": "sha512-ZbVaygwJQXnWHP/m59t0ij7nS42RrtBOnFgJmvs+xlwcY6ZkFzA/5uPZeerP494eXden1qMlt5/GkZjf2I398A==",
      "dev": true
    }
  }
}
